
Microsoft Visual Studio Solution File, Format Version 12.00
# Visual Studio Version 17
VisualStudioVersion = 17.10.35027.167
MinimumVisualStudioVersion = 10.0.40219.1
Project("{FAE04EC0-301F-11D3-BF4B-00C04F79EFBC}") = "NguyenKieuTuNhi_2120110293", "NguyenKieuTuNhi_2120110293\NguyenKieuTuNhi_2120110293.csproj", "{77C4AB5C-4612-431D-8DCA-7BA5F9418464}"
EndProject
Global
	GlobalSection(SolutionConfigurationPlatforms) = preSolution
		Debug|Any CPU = Debug|Any CPU
		Release|Any CPU = Release|Any CPU
	EndGlobalSection
	GlobalSection(ProjectConfigurationPlatforms) = postSolution
		{77C4AB5C-4612-431D-8DCA-7BA5F9418464}.Debug|Any CPU.ActiveCfg = Debug|Any CPU
		{77C4AB5C-4612-431D-8DCA-7BA5F9418464}.Debug|Any CPU.Build.0 = Debug|Any CPU
		{77C4AB5C-4612-431D-8DCA-7BA5F9418464}.Release|Any CPU.ActiveCfg = Release|Any CPU
		{77C4AB5C-4612-431D-8DCA-7BA5F9418464}.Release|Any CPU.Build.0 = Release|Any CPU
	EndGlobalSection
	GlobalSection(SolutionProperties) = preSolution
		HideSolutionNode = FALSE
	EndGlobalSection
	GlobalSection(ExtensibilityGlobals) = postSolution
		SolutionGuid = {77ECE80C-EE0A-4195-B5C5-276282F381E1}
	EndGlobalSection
EndGlobal
